
Microsoft Visual Studio Solution File, Format Version 12.00
# Visual Studio Version 17
VisualStudioVersion = 17.3.32929.385
MinimumVisualStudioVersion = 10.0.40219.1
Project("{FAE04EC0-301F-11D3-BF4B-00C04F79EFBC}") = "cancellieri.andrea.4h.gelati", "cancellieri.andrea.4h.gelati\cancellieri.andrea.4h.gelati.csproj", "{C5090277-B720-4F43-A240-5B306E72779F}"
EndProject
Global
	GlobalSection(SolutionConfigurationPlatforms) = preSolution
		Debug|Any CPU = Debug|Any CPU
		Release|Any CPU = Release|Any CPU
	EndGlobalSection
	GlobalSection(ProjectConfigurationPlatforms) = postSolution
		{C5090277-B720-4F43-A240-5B306E72779F}.Debug|Any CPU.ActiveCfg = Debug|Any CPU
		{C5090277-B720-4F43-A240-5B306E72779F}.Debug|Any CPU.Build.0 = Debug|Any CPU
		{C5090277-B720-4F43-A240-5B306E72779F}.Release|Any CPU.ActiveCfg = Release|Any CPU
		{C5090277-B720-4F43-A240-5B306E72779F}.Release|Any CPU.Build.0 = Release|Any CPU
	EndGlobalSection
	GlobalSection(SolutionProperties) = preSolution
		HideSolutionNode = FALSE
	EndGlobalSection
	GlobalSection(ExtensibilityGlobals) = postSolution
		SolutionGuid = {281E664F-200D-434E-A1E1-9B3818276C3A}
	EndGlobalSection
EndGlobal
